
Microsoft Visual Studio Solution File, Format Version 12.00
# Visual Studio Version 16
VisualStudioVersion = 16.0.29728.190
MinimumVisualStudioVersion = 10.0.40219.1
Project("{FAE04EC0-301F-11D3-BF4B-00C04F79EFBC}") = "LinqTest", "LinqTest.csproj", "{BDCBAF59-B981-4849-A059-0684653D114D}"
EndProject
Global
	GlobalSection(SolutionConfigurationPlatforms) = preSolution
		Debug|Any CPU = Debug|Any CPU
		Release|Any CPU = Release|Any CPU
	EndGlobalSection
	GlobalSection(ProjectConfigurationPlatforms) = postSolution
		{BDCBAF59-B981-4849-A059-0684653D114D}.Debug|Any CPU.ActiveCfg = Debug|Any CPU
		{BDCBAF59-B981-4849-A059-0684653D114D}.Debug|Any CPU.Build.0 = Debug|Any CPU
		{BDCBAF59-B981-4849-A059-0684653D114D}.Release|Any CPU.ActiveCfg = Release|Any CPU
		{BDCBAF59-B981-4849-A059-0684653D114D}.Release|Any CPU.Build.0 = Release|Any CPU
	EndGlobalSection
	GlobalSection(SolutionProperties) = preSolution
		HideSolutionNode = FALSE
	EndGlobalSection
	GlobalSection(ExtensibilityGlobals) = postSolution
		SolutionGuid = {46DA07CB-BCAE-458F-AAD9-C63EA25E6690}
	EndGlobalSection
EndGlobal
